
Microsoft Visual Studio Solution File, Format Version 12.00
# Visual Studio 14
VisualStudioVersion = 14.0.25420.1
MinimumVisualStudioVersion = 10.0.40219.1
Project("{FAE04EC0-301F-11D3-BF4B-00C04F79EFBC}") = "FactoryMethod", "FactoryMethod\FactoryMethod.csproj", "{103915B0-B5FB-49C8-B77D-341FBE0B1A6F}"
EndProject
Project("{FAE04EC0-301F-11D3-BF4B-00C04F79EFBC}") = "AbstractFactory", "AbstractFactory\AbstractFactory.csproj", "{E2E485B7-9CA9-4522-BA5D-E19EF10240A4}"
EndProject
Project("{FAE04EC0-301F-11D3-BF4B-00C04F79EFBC}") = "Singleton", "Singleton\Singleton.csproj", "{74C70684-958E-43D6-84ED-FA366CD5A283}"
EndProject
Project("{FAE04EC0-301F-11D3-BF4B-00C04F79EFBC}") = "Prototype", "Prototype\Prototype.csproj", "{91EBC5CC-6981-43A6-B408-6B0FF3D820B6}"
EndProject
Project("{FAE04EC0-301F-11D3-BF4B-00C04F79EFBC}") = "Builder", "Builder\Builder.csproj", "{73D54A00-8DC5-4A3A-8F0F-7E8DC6A570E7}"
EndProject
Project("{FAE04EC0-301F-11D3-BF4B-00C04F79EFBC}") = "Strategy", "Strategy\Strategy.csproj", "{99FE78D7-50B3-410E-8CA7-C91AEFE274F0}"
EndProject
Project("{FAE04EC0-301F-11D3-BF4B-00C04F79EFBC}") = "Command", "Command\Command.csproj", "{EB762A62-AA0B-4BCD-9382-2166E7913F3A}"
EndProject
Project("{FAE04EC0-301F-11D3-BF4B-00C04F79EFBC}") = "State", "State\State.csproj", "{FA28E93A-BCA9-4032-97E9-4EAFC44DDEEF}"
EndProject
Project("{2150E333-8FDC-42A3-9474-1A3956D46DE8}") = "Behaviour", "Behaviour", "{97FC8C2F-7A59-4B5E-B3E0-B8B22CC62A7B}"
EndProject
Project("{2150E333-8FDC-42A3-9474-1A3956D46DE8}") = "Structural", "Structural", "{457EAA55-35F8-491A-9F2D-B7340E172FA7}"
EndProject
Project("{2150E333-8FDC-42A3-9474-1A3956D46DE8}") = "Creational", "Creational", "{1F11E344-07D0-4DED-ADE4-E55F4A8767E1}"
EndProject
Project("{FAE04EC0-301F-11D3-BF4B-00C04F79EFBC}") = "Observer", "Observer\Observer.csproj", "{72B4D424-A0F4-4693-AC3A-06F1C9DD5A09}"
EndProject
Project("{FAE04EC0-301F-11D3-BF4B-00C04F79EFBC}") = "TemplateMethod", "TemplateMethod\TemplateMethod.csproj", "{B6FA687B-FA64-4C5C-BCA7-67AD98DD6395}"
EndProject
Project("{FAE04EC0-301F-11D3-BF4B-00C04F79EFBC}") = "Memento", "Memento\Memento.csproj", "{37A63B24-88A1-4C6B-ABBD-8FC824F3003E}"
EndProject
Project("{FAE04EC0-301F-11D3-BF4B-00C04F79EFBC}") = "Decorator", "Decorator\Decorator.csproj", "{2C898FC5-8F5C-4840-8DFD-ED10CF59BF77}"
EndProject
Global
	GlobalSection(SolutionConfigurationPlatforms) = preSolution
		Debug|Any CPU = Debug|Any CPU
		Release|Any CPU = Release|Any CPU
	EndGlobalSection
	GlobalSection(ProjectConfigurationPlatforms) = postSolution
		{103915B0-B5FB-49C8-B77D-341FBE0B1A6F}.Debug|Any CPU.ActiveCfg = Debug|Any CPU
		{103915B0-B5FB-49C8-B77D-341FBE0B1A6F}.Debug|Any CPU.Build.0 = Debug|Any CPU
		{103915B0-B5FB-49C8-B77D-341FBE0B1A6F}.Release|Any CPU.ActiveCfg = Release|Any CPU
		{103915B0-B5FB-49C8-B77D-341FBE0B1A6F}.Release|Any CPU.Build.0 = Release|Any CPU
		{E2E485B7-9CA9-4522-BA5D-E19EF10240A4}.Debug|Any CPU.ActiveCfg = Debug|Any CPU
		{E2E485B7-9CA9-4522-BA5D-E19EF10240A4}.Debug|Any CPU.Build.0 = Debug|Any CPU
		{E2E485B7-9CA9-4522-BA5D-E19EF10240A4}.Release|Any CPU.ActiveCfg = Release|Any CPU
		{E2E485B7-9CA9-4522-BA5D-E19EF10240A4}.Release|Any CPU.Build.0 = Release|Any CPU
		{74C70684-958E-43D6-84ED-FA366CD5A283}.Debug|Any CPU.ActiveCfg = Debug|Any CPU
		{74C70684-958E-43D6-84ED-FA366CD5A283}.Debug|Any CPU.Build.0 = Debug|Any CPU
		{74C70684-958E-43D6-84ED-FA366CD5A283}.Release|Any CPU.ActiveCfg = Release|Any CPU
		{74C70684-958E-43D6-84ED-FA366CD5A283}.Release|Any CPU.Build.0 = Release|Any CPU
		{91EBC5CC-6981-43A6-B408-6B0FF3D820B6}.Debug|Any CPU.ActiveCfg = Debug|Any CPU
		{91EBC5CC-6981-43A6-B408-6B0FF3D820B6}.Debug|Any CPU.Build.0 = Debug|Any CPU
		{91EBC5CC-6981-43A6-B408-6B0FF3D820B6}.Release|Any CPU.ActiveCfg = Release|Any CPU
		{91EBC5CC-6981-43A6-B408-6B0FF3D820B6}.Release|Any CPU.Build.0 = Release|Any CPU
		{73D54A00-8DC5-4A3A-8F0F-7E8DC6A570E7}.Debug|Any CPU.ActiveCfg = Debug|Any CPU
		{73D54A00-8DC5-4A3A-8F0F-7E8DC6A570E7}.Debug|Any CPU.Build.0 = Debug|Any CPU
		{73D54A00-8DC5-4A3A-8F0F-7E8DC6A570E7}.Release|Any CPU.ActiveCfg = Release|Any CPU
		{73D54A00-8DC5-4A3A-8F0F-7E8DC6A570E7}.Release|Any CPU.Build.0 = Release|Any CPU
		{99FE78D7-50B3-410E-8CA7-C91AEFE274F0}.Debug|Any CPU.ActiveCfg = Debug|Any CPU
		{99FE78D7-50B3-410E-8CA7-C91AEFE274F0}.Debug|Any CPU.Build.0 = Debug|Any CPU
		{99FE78D7-50B3-410E-8CA7-C91AEFE274F0}.Release|Any CPU.ActiveCfg = Release|Any CPU
		{99FE78D7-50B3-410E-8CA7-C91AEFE274F0}.Release|Any CPU.Build.0 = Release|Any CPU
		{EB762A62-AA0B-4BCD-9382-2166E7913F3A}.Debug|Any CPU.ActiveCfg = Debug|Any CPU
		{EB762A62-AA0B-4BCD-9382-2166E7913F3A}.Debug|Any CPU.Build.0 = Debug|Any CPU
		{EB762A62-AA0B-4BCD-9382-2166E7913F3A}.Release|Any CPU.ActiveCfg = Release|Any CPU
		{EB762A62-AA0B-4BCD-9382-2166E7913F3A}.Release|Any CPU.Build.0 = Release|Any CPU
		{FA28E93A-BCA9-4032-97E9-4EAFC44DDEEF}.Debug|Any CPU.ActiveCfg = Debug|Any CPU
		{FA28E93A-BCA9-4032-97E9-4EAFC44DDEEF}.Debug|Any CPU.Build.0 = Debug|Any CPU
		{FA28E93A-BCA9-4032-97E9-4EAFC44DDEEF}.Release|Any CPU.ActiveCfg = Release|Any CPU
		{FA28E93A-BCA9-4032-97E9-4EAFC44DDEEF}.Release|Any CPU.Build.0 = Release|Any CPU
		{72B4D424-A0F4-4693-AC3A-06F1C9DD5A09}.Debug|Any CPU.ActiveCfg = Debug|Any CPU
		{72B4D424-A0F4-4693-AC3A-06F1C9DD5A09}.Debug|Any CPU.Build.0 = Debug|Any CPU
		{72B4D424-A0F4-4693-AC3A-06F1C9DD5A09}.Release|Any CPU.ActiveCfg = Release|Any CPU
		{72B4D424-A0F4-4693-AC3A-06F1C9DD5A09}.Release|Any CPU.Build.0 = Release|Any CPU
		{B6FA687B-FA64-4C5C-BCA7-67AD98DD6395}.Debug|Any CPU.ActiveCfg = Debug|Any CPU
		{B6FA687B-FA64-4C5C-BCA7-67AD98DD6395}.Debug|Any CPU.Build.0 = Debug|Any CPU
		{B6FA687B-FA64-4C5C-BCA7-67AD98DD6395}.Release|Any CPU.ActiveCfg = Release|Any CPU
		{B6FA687B-FA64-4C5C-BCA7-67AD98DD6395}.Release|Any CPU.Build.0 = Release|Any CPU
		{37A63B24-88A1-4C6B-ABBD-8FC824F3003E}.Debug|Any CPU.ActiveCfg = Debug|Any CPU
		{37A63B24-88A1-4C6B-ABBD-8FC824F3003E}.Debug|Any CPU.Build.0 = Debug|Any CPU
		{37A63B24-88A1-4C6B-ABBD-8FC824F3003E}.Release|Any CPU.ActiveCfg = Release|Any CPU
		{37A63B24-88A1-4C6B-ABBD-8FC824F3003E}.Release|Any CPU.Build.0 = Release|Any CPU
		{2C898FC5-8F5C-4840-8DFD-ED10CF59BF77}.Debug|Any CPU.ActiveCfg = Debug|Any CPU
		{2C898FC5-8F5C-4840-8DFD-ED10CF59BF77}.Debug|Any CPU.Build.0 = Debug|Any CPU
		{2C898FC5-8F5C-4840-8DFD-ED10CF59BF77}.Release|Any CPU.ActiveCfg = Release|Any CPU
		{2C898FC5-8F5C-4840-8DFD-ED10CF59BF77}.Release|Any CPU.Build.0 = Release|Any CPU
	EndGlobalSection
	GlobalSection(SolutionProperties) = preSolution
		HideSolutionNode = FALSE
	EndGlobalSection
	GlobalSection(NestedProjects) = preSolution
		{103915B0-B5FB-49C8-B77D-341FBE0B1A6F} = {1F11E344-07D0-4DED-ADE4-E55F4A8767E1}
		{E2E485B7-9CA9-4522-BA5D-E19EF10240A4} = {1F11E344-07D0-4DED-ADE4-E55F4A8767E1}
		{74C70684-958E-43D6-84ED-FA366CD5A283} = {1F11E344-07D0-4DED-ADE4-E55F4A8767E1}
		{91EBC5CC-6981-43A6-B408-6B0FF3D820B6} = {1F11E344-07D0-4DED-ADE4-E55F4A8767E1}
		{73D54A00-8DC5-4A3A-8F0F-7E8DC6A570E7} = {1F11E344-07D0-4DED-ADE4-E55F4A8767E1}
		{99FE78D7-50B3-410E-8CA7-C91AEFE274F0} = {97FC8C2F-7A59-4B5E-B3E0-B8B22CC62A7B}
		{EB762A62-AA0B-4BCD-9382-2166E7913F3A} = {97FC8C2F-7A59-4B5E-B3E0-B8B22CC62A7B}
		{FA28E93A-BCA9-4032-97E9-4EAFC44DDEEF} = {97FC8C2F-7A59-4B5E-B3E0-B8B22CC62A7B}
		{72B4D424-A0F4-4693-AC3A-06F1C9DD5A09} = {97FC8C2F-7A59-4B5E-B3E0-B8B22CC62A7B}
		{B6FA687B-FA64-4C5C-BCA7-67AD98DD6395} = {97FC8C2F-7A59-4B5E-B3E0-B8B22CC62A7B}
		{37A63B24-88A1-4C6B-ABBD-8FC824F3003E} = {97FC8C2F-7A59-4B5E-B3E0-B8B22CC62A7B}
		{2C898FC5-8F5C-4840-8DFD-ED10CF59BF77} = {457EAA55-35F8-491A-9F2D-B7340E172FA7}
	EndGlobalSection
EndGlobal
